{
  "name": "03-maps",
  "version": "1.0.0",
  "lockfileVersion": 1,
  "requires": true,
  "dependencies": {
    "@types/faker": {
      "version": "4.1.12",
      "resolved": "https://registry.npmjs.org/@types/faker/-/faker-4.1.12.tgz",
      "integrity": "sha512-0MEyzJrLLs1WaOCx9ULK6FzdCSj2EuxdSP9kvuxxdBEGujZYUOZ4vkPXdgu3dhyg/pOdn7VCatelYX7k0YShlA==",
      "dev": true
    },
    "faker": {
      "version": "4.1.0",
      "resolved": "https://registry.npmjs.org/faker/-/faker-4.1.0.tgz",
      "integrity": "sha1-HkW7vsxndLPBlfrSg1EJxtdIzD8="
    },
    "typescript": {
      "version": "3.9.5",
      "resolved": "https://registry.npmjs.org/typescript/-/typescript-3.9.5.tgz",
      "integrity": "sha512-hSAifV3k+i6lEoCJ2k6R2Z/rp/H3+8sdmcn5NrS3/3kE7+RyZXm9aqvxWqjEXHAd8b0pShatpcdMTvEdvAJltQ==",
      "dev": true
    }
  }
}
